
Microsoft Visual Studio Solution File, Format Version 12.00
# Visual Studio Version 17
VisualStudioVersion = 17.13.35931.197 d17.13
MinimumVisualStudioVersion = 10.0.40219.1
Project("{FAE04EC0-301F-11D3-BF4B-00C04F79EFBC}") = "FileUpload_demo", "FileUpload_demo\FileUpload_demo.csproj", "{3C64D142-22E2-4A46-82E7-A6EF623572C6}"
EndProject
Global
	GlobalSection(SolutionConfigurationPlatforms) = preSolution
		Debug|Any CPU = Debug|Any CPU
		Release|Any CPU = Release|Any CPU
	EndGlobalSection
	GlobalSection(ProjectConfigurationPlatforms) = postSolution
		{3C64D142-22E2-4A46-82E7-A6EF623572C6}.Debug|Any CPU.ActiveCfg = Debug|Any CPU
		{3C64D142-22E2-4A46-82E7-A6EF623572C6}.Debug|Any CPU.Build.0 = Debug|Any CPU
		{3C64D142-22E2-4A46-82E7-A6EF623572C6}.Release|Any CPU.ActiveCfg = Release|Any CPU
		{3C64D142-22E2-4A46-82E7-A6EF623572C6}.Release|Any CPU.Build.0 = Release|Any CPU
	EndGlobalSection
	GlobalSection(SolutionProperties) = preSolution
		HideSolutionNode = FALSE
	EndGlobalSection
	GlobalSection(ExtensibilityGlobals) = postSolution
		SolutionGuid = {4CA98270-1AB3-4680-89A4-02206290E96C}
	EndGlobalSection
EndGlobal
